
Microsoft Visual Studio Solution File, Format Version 12.00
# Visual Studio Version 17
VisualStudioVersion = 17.4.33403.182
MinimumVisualStudioVersion = 10.0.40219.1
Project("{FAE04EC0-301F-11D3-BF4B-00C04F79EFBC}") = "ProductApi", "ProductApi\ProductApi.csproj", "{4BC45A80-E65D-4022-A614-C8211972FC0B}"
EndProject
Global
	GlobalSection(SolutionConfigurationPlatforms) = preSolution
		Debug|Any CPU = Debug|Any CPU
		Release|Any CPU = Release|Any CPU
	EndGlobalSection
	GlobalSection(ProjectConfigurationPlatforms) = postSolution
		{4BC45A80-E65D-4022-A614-C8211972FC0B}.Debug|Any CPU.ActiveCfg = Debug|Any CPU
		{4BC45A80-E65D-4022-A614-C8211972FC0B}.Debug|Any CPU.Build.0 = Debug|Any CPU
		{4BC45A80-E65D-4022-A614-C8211972FC0B}.Release|Any CPU.ActiveCfg = Release|Any CPU
		{4BC45A80-E65D-4022-A614-C8211972FC0B}.Release|Any CPU.Build.0 = Release|Any CPU
	EndGlobalSection
	GlobalSection(SolutionProperties) = preSolution
		HideSolutionNode = FALSE
	EndGlobalSection
	GlobalSection(ExtensibilityGlobals) = postSolution
		SolutionGuid = {D253700F-15F1-45AF-A607-5F856E51DEB7}
	EndGlobalSection
EndGlobal
